
Microsoft Visual Studio Solution File, Format Version 12.00
# Visual Studio Version 16
VisualStudioVersion = 16.0.31129.286
MinimumVisualStudioVersion = 10.0.40219.1
Project("{9A19103F-16F7-4668-BE54-9A1E7A4F7556}") = "AgentAPI", "AgentAPI\AgentAPI.csproj", "{A4C97BF8-D51D-46F3-9C35-0F3E48AA032F}"
EndProject
Project("{E53339B2-1760-4266-BCC7-CA923CBCF16C}") = "docker-compose", "docker-compose.dcproj", "{78EF01B6-337A-431E-9B96-5103B64768E0}"
EndProject
Project("{FAE04EC0-301F-11D3-BF4B-00C04F79EFBC}") = "GeoAPI", "GeoAPI\GeoAPI.csproj", "{0E85446D-C874-4714-8804-70AAE6FF59C1}"
EndProject
Project("{FAE04EC0-301F-11D3-BF4B-00C04F79EFBC}") = "DeliverySystemLib", "DeliverySystemLib\DeliverySystemLib.csproj", "{1EA55065-B5B1-416F-A514-AA48A2DFF5B4}"
EndProject
Global
	GlobalSection(SolutionConfigurationPlatforms) = preSolution
		Debug|Any CPU = Debug|Any CPU
		Release|Any CPU = Release|Any CPU
	EndGlobalSection
	GlobalSection(ProjectConfigurationPlatforms) = postSolution
		{A4C97BF8-D51D-46F3-9C35-0F3E48AA032F}.Debug|Any CPU.ActiveCfg = Debug|Any CPU
		{A4C97BF8-D51D-46F3-9C35-0F3E48AA032F}.Debug|Any CPU.Build.0 = Debug|Any CPU
		{A4C97BF8-D51D-46F3-9C35-0F3E48AA032F}.Release|Any CPU.ActiveCfg = Release|Any CPU
		{A4C97BF8-D51D-46F3-9C35-0F3E48AA032F}.Release|Any CPU.Build.0 = Release|Any CPU
		{78EF01B6-337A-431E-9B96-5103B64768E0}.Debug|Any CPU.ActiveCfg = Debug|Any CPU
		{78EF01B6-337A-431E-9B96-5103B64768E0}.Debug|Any CPU.Build.0 = Debug|Any CPU
		{78EF01B6-337A-431E-9B96-5103B64768E0}.Release|Any CPU.ActiveCfg = Release|Any CPU
		{78EF01B6-337A-431E-9B96-5103B64768E0}.Release|Any CPU.Build.0 = Release|Any CPU
		{0E85446D-C874-4714-8804-70AAE6FF59C1}.Debug|Any CPU.ActiveCfg = Debug|Any CPU
		{0E85446D-C874-4714-8804-70AAE6FF59C1}.Debug|Any CPU.Build.0 = Debug|Any CPU
		{0E85446D-C874-4714-8804-70AAE6FF59C1}.Release|Any CPU.ActiveCfg = Release|Any CPU
		{0E85446D-C874-4714-8804-70AAE6FF59C1}.Release|Any CPU.Build.0 = Release|Any CPU
		{1EA55065-B5B1-416F-A514-AA48A2DFF5B4}.Debug|Any CPU.ActiveCfg = Debug|Any CPU
		{1EA55065-B5B1-416F-A514-AA48A2DFF5B4}.Debug|Any CPU.Build.0 = Debug|Any CPU
		{1EA55065-B5B1-416F-A514-AA48A2DFF5B4}.Release|Any CPU.ActiveCfg = Release|Any CPU
		{1EA55065-B5B1-416F-A514-AA48A2DFF5B4}.Release|Any CPU.Build.0 = Release|Any CPU
	EndGlobalSection
	GlobalSection(SolutionProperties) = preSolution
		HideSolutionNode = FALSE
	EndGlobalSection
	GlobalSection(ExtensibilityGlobals) = postSolution
		SolutionGuid = {27FB9947-BBE1-4376-BF20-3C04443472DF}
	EndGlobalSection
EndGlobal
